// !$*UTF8*$!
{
	archiveVersion = 1;
	classes = {
	};
	objectVersion = 54;
	objects = {

/* Begin PBXBuildFile section */
		1F4619415F1BA44DE06EA4B7 /* Pods_MHToolsEx.framework in Frameworks */ = {isa = PBXBuildFile; fileRef = F7679C530EA2EA769F9A73F2 /* Pods_MHToolsEx.framework */; };
		2837B9C159B83FB0E8A4B451 /* Pods_MHTools.framework in Frameworks */ = {isa = PBXBuildFile; fileRef = A99619B8549674E2FA101B70 /* Pods_MHTools.framework */; };
		4416D3AFA3D5C2720B567EAF /* Pods_MHToolsExTests.framework in Frameworks */ = {isa = PBXBuildFile; fileRef = 718E8D745556D7575D87E31E /* Pods_MHToolsExTests.framework */; };
		4D197345EE4293E661BA8221 /* Pods_MHToolsTests.framework in Frameworks */ = {isa = PBXBuildFile; fileRef = 1FF996105D2C2F3BA1755664 /* Pods_MHToolsTests.framework */; };
		D967D42529234E51004BF68F /* MHTools.docc in Sources */ = {isa = PBXBuildFile; fileRef = D967D42429234E51004BF68F /* MHTools.docc */; };
		D967D42B29234E51004BF68F /* MHTools.framework in Frameworks */ = {isa = PBXBuildFile; fileRef = D967D42029234E51004BF68F /* MHTools.framework */; };
		D967D43029234E52004BF68F /* MHToolsTests.swift in Sources */ = {isa = PBXBuildFile; fileRef = D967D42F29234E52004BF68F /* MHToolsTests.swift */; };
		D967D43129234E52004BF68F /* MHTools.h in Headers */ = {isa = PBXBuildFile; fileRef = D967D42329234E51004BF68F /* MHTools.h */; settings = {ATTRIBUTES = (Public, ); }; };
		D967D46F29234F37004BF68F /* AppDelegate.swift in Sources */ = {isa = PBXBuildFile; fileRef = D967D46E29234F37004BF68F /* AppDelegate.swift */; };
		D967D47129234F37004BF68F /* SceneDelegate.swift in Sources */ = {isa = PBXBuildFile; fileRef = D967D47029234F37004BF68F /* SceneDelegate.swift */; };
		D967D47329234F37004BF68F /* ViewController.swift in Sources */ = {isa = PBXBuildFile; fileRef = D967D47229234F37004BF68F /* ViewController.swift */; };
		D967D47629234F37004BF68F /* Main.storyboard in Resources */ = {isa = PBXBuildFile; fileRef = D967D47429234F37004BF68F /* Main.storyboard */; };
		D967D47829234F38004BF68F /* Assets.xcassets in Resources */ = {isa = PBXBuildFile; fileRef = D967D47729234F38004BF68F /* Assets.xcassets */; };
		D967D47B29234F38004BF68F /* LaunchScreen.storyboard in Resources */ = {isa = PBXBuildFile; fileRef = D967D47929234F38004BF68F /* LaunchScreen.storyboard */; };
		D967D48629234F38004BF68F /* MHToolsExTests.swift in Sources */ = {isa = PBXBuildFile; fileRef = D967D48529234F38004BF68F /* MHToolsExTests.swift */; };
		D967D49E292353A7004BF68F /* MHAPI.swift in Sources */ = {isa = PBXBuildFile; fileRef = D967D49D292353A7004BF68F /* MHAPI.swift */; };
		D967D49F292353A7004BF68F /* MHAPI.swift in Sources */ = {isa = PBXBuildFile; fileRef = D967D49D292353A7004BF68F /* MHAPI.swift */; };
		D967D4A0292353A7004BF68F /* MHAPI.swift in Sources */ = {isa = PBXBuildFile; fileRef = D967D49D292353A7004BF68F /* MHAPI.swift */; };
		D967D4A1292353A7004BF68F /* MHAPI.swift in Sources */ = {isa = PBXBuildFile; fileRef = D967D49D292353A7004BF68F /* MHAPI.swift */; };
		D98D94A82924A39400161388 /* Alamofire in Frameworks */ = {isa = PBXBuildFile; fileRef = D967D4AD2923650E004BF68F /* Alamofire */; };
		D98D94B22924A74600161388 /* Sample.swift in Sources */ = {isa = PBXBuildFile; fileRef = D98D94B12924A74600161388 /* Sample.swift */; };
		D98D94B32924A74600161388 /* Sample.swift in Sources */ = {isa = PBXBuildFile; fileRef = D98D94B12924A74600161388 /* Sample.swift */; };
		D98D94B42924A74600161388 /* Sample.swift in Sources */ = {isa = PBXBuildFile; fileRef = D98D94B12924A74600161388 /* Sample.swift */; };
		D98D94B52924A74600161388 /* Sample.swift in Sources */ = {isa = PBXBuildFile; fileRef = D98D94B12924A74600161388 /* Sample.swift */; };
/* End PBXBuildFile section */

/* Begin PBXContainerItemProxy section */
		D967D42C29234E51004BF68F /* PBXContainerItemProxy */ = {
			isa = PBXContainerItemProxy;
			containerPortal = D967D41729234E51004BF68F /* Project object */;
			proxyType = 1;
			remoteGlobalIDString = D967D41F29234E51004BF68F;
			remoteInfo = MHTools;
		};
		D967D48229234F38004BF68F /* PBXContainerItemProxy */ = {
			isa = PBXContainerItemProxy;
			containerPortal = D967D41729234E51004BF68F /* Project object */;
			proxyType = 1;
			remoteGlobalIDString = D967D46B29234F37004BF68F;
			remoteInfo = MHToolsEx;
		};
		D967D4AC2923650E004BF68F /* PBXContainerItemProxy */ = {
			isa = PBXContainerItemProxy;
			containerPortal = D967D4A32923650E004BF68F /* Pods.xcodeproj */;
			proxyType = 2;
			remoteGlobalIDString = 5D797E9A5C5782CE845840781FA1CC81;
			remoteInfo = Alamofire;
		};
		D967D4AE2923650E004BF68F /* PBXContainerItemProxy */ = {
			isa = PBXContainerItemProxy;
			containerPortal = D967D4A32923650E004BF68F /* Pods.xcodeproj */;
			proxyType = 2;
			remoteGlobalIDString = 649B61A5922B33613117FF7DFE63E252;
			remoteInfo = "Pods-MHTools";
		};
		D967D4B22923650E004BF68F /* PBXContainerItemProxy */ = {
			isa = PBXContainerItemProxy;
			containerPortal = D967D4A32923650E004BF68F /* Pods.xcodeproj */;
			proxyType = 2;
			remoteGlobalIDString = 027E7354DD57C2BA5A3BD06EE1AF56D8;
			remoteInfo = "Pods-MHToolsEx";
		};
		D967D4B62923650E004BF68F /* PBXContainerItemProxy */ = {
			isa = PBXContainerItemProxy;
			containerPortal = D967D4A32923650E004BF68F /* Pods.xcodeproj */;
			proxyType = 2;
			remoteGlobalIDString = A3DF74784ADD2A74BA6768D862B396DB;
			remoteInfo = "Pods-MHToolsExTests";
		};
		D98D94A52924A06400161388 /* PBXContainerItemProxy */ = {
			isa = PBXContainerItemProxy;
			containerPortal = D967D4A32923650E004BF68F /* Pods.xcodeproj */;
			proxyType = 2;
			remoteGlobalIDString = 303BAC67B549BB0935FD73E7723CC52F;
			remoteInfo = "Pods-MHToolsTests";
		};
		D99C70552939835F00DC4A82 /* PBXContainerItemProxy */ = {
			isa = PBXContainerItemProxy;
			containerPortal = D967D4A32923650E004BF68F /* Pods.xcodeproj */;
			proxyType = 2;
			remoteGlobalIDString = 809C5FAB588354C9BA37DC3EAB8CB45C;
			remoteInfo = RxSwift;
		};
/* End PBXContainerItemProxy section */

/* Begin PBXFileReference section */
		0A4DE7689BE10510A521ADB8 /* Pods-MHToolsEx-MHToolsExUITests.debug.xcconfig */ = {isa = PBXFileReference; includeInIndex = 1; lastKnownFileType = text.xcconfig; name = "Pods-MHToolsEx-MHToolsExUITests.debug.xcconfig"; path = "Target Support Files/Pods-MHToolsEx-MHToolsExUITests/Pods-MHToolsEx-MHToolsExUITests.debug.xcconfig"; sourceTree = "<group>"; };
		13AFA0CF281CE5DD13D6C287 /* Pods-MHToolsEx.debug.xcconfig */ = {isa = PBXFileReference; includeInIndex = 1; lastKnownFileType = text.xcconfig; name = "Pods-MHToolsEx.debug.xcconfig"; path = "Target Support Files/Pods-MHToolsEx/Pods-MHToolsEx.debug.xcconfig"; sourceTree = "<group>"; };
		1FF996105D2C2F3BA1755664 /* Pods_MHToolsTests.framework */ = {isa = PBXFileReference; explicitFileType = wrapper.framework; includeInIndex = 0; path = Pods_MHToolsTests.framework; sourceTree = BUILT_PRODUCTS_DIR; };
		417401018031BAD207D0258B /* Pods-MHToolsEx.release.xcconfig */ = {isa = PBXFileReference; includeInIndex = 1; lastKnownFileType = text.xcconfig; name = "Pods-MHToolsEx.release.xcconfig"; path = "Target Support Files/Pods-MHToolsEx/Pods-MHToolsEx.release.xcconfig"; sourceTree = "<group>"; };
		4194AC45D995023DDCEFF8C8 /* Pods-MHToolsTests.release.xcconfig */ = {isa = PBXFileReference; includeInIndex = 1; lastKnownFileType = text.xcconfig; name = "Pods-MHToolsTests.release.xcconfig"; path = "Target Support Files/Pods-MHToolsTests/Pods-MHToolsTests.release.xcconfig"; sourceTree = "<group>"; };
		469F4BA0CCE12AD2BAE772ED /* Pods-MHToolsEx-MHToolsExUITests.release.xcconfig */ = {isa = PBXFileReference; includeInIndex = 1; lastKnownFileType = text.xcconfig; name = "Pods-MHToolsEx-MHToolsExUITests.release.xcconfig"; path = "Target Support Files/Pods-MHToolsEx-MHToolsExUITests/Pods-MHToolsEx-MHToolsExUITests.release.xcconfig"; sourceTree = "<group>"; };
		4D2483254E72AC560CF8B824 /* Pods-MHTools.debug.xcconfig */ = {isa = PBXFileReference; includeInIndex = 1; lastKnownFileType = text.xcconfig; name = "Pods-MHTools.debug.xcconfig"; path = "Target Support Files/Pods-MHTools/Pods-MHTools.debug.xcconfig"; sourceTree = "<group>"; };
		5B5C4F5EF05AE911D04CA44E /* Pods-MHTools-MHToolsTests.release.xcconfig */ = {isa = PBXFileReference; includeInIndex = 1; lastKnownFileType = text.xcconfig; name = "Pods-MHTools-MHToolsTests.release.xcconfig"; path = "Target Support Files/Pods-MHTools-MHToolsTests/Pods-MHTools-MHToolsTests.release.xcconfig"; sourceTree = "<group>"; };
		718E8D745556D7575D87E31E /* Pods_MHToolsExTests.framework */ = {isa = PBXFileReference; explicitFileType = wrapper.framework; includeInIndex = 0; path = Pods_MHToolsExTests.framework; sourceTree = BUILT_PRODUCTS_DIR; };
		74DE90FE2AB5B3C5B74F7CFE /* Pods-MHToolsExTests.debug.xcconfig */ = {isa = PBXFileReference; includeInIndex = 1; lastKnownFileType = text.xcconfig; name = "Pods-MHToolsExTests.debug.xcconfig"; path = "Target Support Files/Pods-MHToolsExTests/Pods-MHToolsExTests.debug.xcconfig"; sourceTree = "<group>"; };
		9830036C52A0AD554D436170 /* Pods-MHToolsTests.debug.xcconfig */ = {isa = PBXFileReference; includeInIndex = 1; lastKnownFileType = text.xcconfig; name = "Pods-MHToolsTests.debug.xcconfig"; path = "Target Support Files/Pods-MHToolsTests/Pods-MHToolsTests.debug.xcconfig"; sourceTree = "<group>"; };
		A99619B8549674E2FA101B70 /* Pods_MHTools.framework */ = {isa = PBXFileReference; explicitFileType = wrapper.framework; includeInIndex = 0; path = Pods_MHTools.framework; sourceTree = BUILT_PRODUCTS_DIR; };
		B2A86118E3772F433BE9C777 /* Pods_MHToolsEx_MHToolsExUITests.framework */ = {isa = PBXFileReference; explicitFileType = wrapper.framework; includeInIndex = 0; path = Pods_MHToolsEx_MHToolsExUITests.framework; sourceTree = BUILT_PRODUCTS_DIR; };
		C4B849EF1D687D2B47BC5405 /* Pods-MHTools-MHToolsTests.debug.xcconfig */ = {isa = PBXFileReference; includeInIndex = 1; lastKnownFileType = text.xcconfig; name = "Pods-MHTools-MHToolsTests.debug.xcconfig"; path = "Target Support Files/Pods-MHTools-MHToolsTests/Pods-MHTools-MHToolsTests.debug.xcconfig"; sourceTree = "<group>"; };
		D44FFBC18F01EBFF17FE652C /* Pods-MHTools.release.xcconfig */ = {isa = PBXFileReference; includeInIndex = 1; lastKnownFileType = text.xcconfig; name = "Pods-MHTools.release.xcconfig"; path = "Target Support Files/Pods-MHTools/Pods-MHTools.release.xcconfig"; sourceTree = "<group>"; };
		D967D42029234E51004BF68F /* MHTools.framework */ = {isa = PBXFileReference; explicitFileType = wrapper.framework; includeInIndex = 0; path = MHTools.framework; sourceTree = BUILT_PRODUCTS_DIR; };
		D967D42329234E51004BF68F /* MHTools.h */ = {isa = PBXFileReference; lastKnownFileType = sourcecode.c.h; path = MHTools.h; sourceTree = "<group>"; };
		D967D42429234E51004BF68F /* MHTools.docc */ = {isa = PBXFileReference; lastKnownFileType = folder.documentationcatalog; path = MHTools.docc; sourceTree = "<group>"; };
		D967D42A29234E51004BF68F /* MHToolsTests.xctest */ = {isa = PBXFileReference; explicitFileType = wrapper.cfbundle; includeInIndex = 0; path = MHToolsTests.xctest; sourceTree = BUILT_PRODUCTS_DIR; };
		D967D42F29234E52004BF68F /* MHToolsTests.swift */ = {isa = PBXFileReference; lastKnownFileType = sourcecode.swift; path = MHToolsTests.swift; sourceTree = "<group>"; };
		D967D46C29234F37004BF68F /* MHToolsEx.app */ = {isa = PBXFileReference; explicitFileType = wrapper.application; includeInIndex = 0; path = MHToolsEx.app; sourceTree = BUILT_PRODUCTS_DIR; };
		D967D46E29234F37004BF68F /* AppDelegate.swift */ = {isa = PBXFileReference; lastKnownFileType = sourcecode.swift; path = AppDelegate.swift; sourceTree = "<group>"; };
		D967D47029234F37004BF68F /* SceneDelegate.swift */ = {isa = PBXFileReference; lastKnownFileType = sourcecode.swift; path = SceneDelegate.swift; sourceTree = "<group>"; };
		D967D47229234F37004BF68F /* ViewController.swift */ = {isa = PBXFileReference; lastKnownFileType = sourcecode.swift; path = ViewController.swift; sourceTree = "<group>"; };
		D967D47529234F37004BF68F /* Base */ = {isa = PBXFileReference; lastKnownFileType = file.storyboard; name = Base; path = Base.lproj/Main.storyboard; sourceTree = "<group>"; };
		D967D47729234F38004BF68F /* Assets.xcassets */ = {isa = PBXFileReference; lastKnownFileType = folder.assetcatalog; path = Assets.xcassets; sourceTree = "<group>"; };
		D967D47A29234F38004BF68F /* Base */ = {isa = PBXFileReference; lastKnownFileType = file.storyboard; name = Base; path = Base.lproj/LaunchScreen.storyboard; sourceTree = "<group>"; };
		D967D47C29234F38004BF68F /* Info.plist */ = {isa = PBXFileReference; lastKnownFileType = text.plist.xml; path = Info.plist; sourceTree = "<group>"; };
		D967D48129234F38004BF68F /* MHToolsExTests.xctest */ = {isa = PBXFileReference; explicitFileType = wrapper.cfbundle; includeInIndex = 0; path = MHToolsExTests.xctest; sourceTree = BUILT_PRODUCTS_DIR; };
		D967D48529234F38004BF68F /* MHToolsExTests.swift */ = {isa = PBXFileReference; lastKnownFileType = sourcecode.swift; path = MHToolsExTests.swift; sourceTree = "<group>"; };
		D967D49D292353A7004BF68F /* MHAPI.swift */ = {isa = PBXFileReference; lastKnownFileType = sourcecode.swift; path = MHAPI.swift; sourceTree = "<group>"; };
		D967D4A32923650E004BF68F /* Pods.xcodeproj */ = {isa = PBXFileReference; lastKnownFileType = "wrapper.pb-project"; name = Pods.xcodeproj; path = Pods/Pods.xcodeproj; sourceTree = "<group>"; };
		D98D94B12924A74600161388 /* Sample.swift */ = {isa = PBXFileReference; lastKnownFileType = sourcecode.swift; path = Sample.swift; sourceTree = "<group>"; };
		E4353E17BD8A88CA6DADEA03 /* Pods-MHToolsExTests.release.xcconfig */ = {isa = PBXFileReference; includeInIndex = 1; lastKnownFileType = text.xcconfig; name = "Pods-MHToolsExTests.release.xcconfig"; path = "Target Support Files/Pods-MHToolsExTests/Pods-MHToolsExTests.release.xcconfig"; sourceTree = "<group>"; };
		F7679C530EA2EA769F9A73F2 /* Pods_MHToolsEx.framework */ = {isa = PBXFileReference; explicitFileType = wrapper.framework; includeInIndex = 0; path = Pods_MHToolsEx.framework; sourceTree = BUILT_PRODUCTS_DIR; };
/* End PBXFileReference section */

/* Begin PBXFrameworksBuildPhase section */
		D967D41D29234E51004BF68F /* Frameworks */ = {
			isa = PBXFrameworksBuildPhase;
			buildActionMask = 2147483647;
			files = (
				2837B9C159B83FB0E8A4B451 /* Pods_MHTools.framework in Frameworks */,
			);
			runOnlyForDeploymentPostprocessing = 0;
		};
		D967D42729234E51004BF68F /* Frameworks */ = {
			isa = PBXFrameworksBuildPhase;
			buildActionMask = 2147483647;
			files = (
				D98D94A82924A39400161388 /* Alamofire in Frameworks */,
				D967D42B29234E51004BF68F /* MHTools.framework in Frameworks */,
				4D197345EE4293E661BA8221 /* Pods_MHToolsTests.framework in Frameworks */,
			);
			runOnlyForDeploymentPostprocessing = 0;
		};
		D967D46929234F37004BF68F /* Frameworks */ = {
			isa = PBXFrameworksBuildPhase;
			buildActionMask = 2147483647;
			files = (
				1F4619415F1BA44DE06EA4B7 /* Pods_MHToolsEx.framework in Frameworks */,
			);
			runOnlyForDeploymentPostprocessing = 0;
		};
		D967D47E29234F38004BF68F /* Frameworks */ = {
			isa = PBXFrameworksBuildPhase;
			buildActionMask = 2147483647;
			files = (
				4416D3AFA3D5C2720B567EAF /* Pods_MHToolsExTests.framework in Frameworks */,
			);
			runOnlyForDeploymentPostprocessing = 0;
		};
/* End PBXFrameworksBuildPhase section */

/* Begin PBXGroup section */
		226595B8928E6B1FDD05A3FA /* Pods */ = {
			isa = PBXGroup;
			children = (
				4D2483254E72AC560CF8B824 /* Pods-MHTools.debug.xcconfig */,
				D44FFBC18F01EBFF17FE652C /* Pods-MHTools.release.xcconfig */,
				C4B849EF1D687D2B47BC5405 /* Pods-MHTools-MHToolsTests.debug.xcconfig */,
				5B5C4F5EF05AE911D04CA44E /* Pods-MHTools-MHToolsTests.release.xcconfig */,
				13AFA0CF281CE5DD13D6C287 /* Pods-MHToolsEx.debug.xcconfig */,
				417401018031BAD207D0258B /* Pods-MHToolsEx.release.xcconfig */,
				0A4DE7689BE10510A521ADB8 /* Pods-MHToolsEx-MHToolsExUITests.debug.xcconfig */,
				469F4BA0CCE12AD2BAE772ED /* Pods-MHToolsEx-MHToolsExUITests.release.xcconfig */,
				74DE90FE2AB5B3C5B74F7CFE /* Pods-MHToolsExTests.debug.xcconfig */,
				E4353E17BD8A88CA6DADEA03 /* Pods-MHToolsExTests.release.xcconfig */,
				9830036C52A0AD554D436170 /* Pods-MHToolsTests.debug.xcconfig */,
				4194AC45D995023DDCEFF8C8 /* Pods-MHToolsTests.release.xcconfig */,
			);
			path = Pods;
			sourceTree = "<group>";
		};
		58FFCF45C4BF85BEFD8196D7 /* Frameworks */ = {
			isa = PBXGroup;
			children = (
				A99619B8549674E2FA101B70 /* Pods_MHTools.framework */,
				F7679C530EA2EA769F9A73F2 /* Pods_MHToolsEx.framework */,
				B2A86118E3772F433BE9C777 /* Pods_MHToolsEx_MHToolsExUITests.framework */,
				718E8D745556D7575D87E31E /* Pods_MHToolsExTests.framework */,
				1FF996105D2C2F3BA1755664 /* Pods_MHToolsTests.framework */,
			);
			name = Frameworks;
			sourceTree = "<group>";
		};
		D967D41629234E51004BF68F = {
			isa = PBXGroup;
			children = (
				D967D4A32923650E004BF68F /* Pods.xcodeproj */,
				D967D42229234E51004BF68F /* MHTools */,
				D967D42E29234E51004BF68F /* MHToolsTests */,
				D967D46D29234F37004BF68F /* MHToolsEx */,
				D967D48429234F38004BF68F /* MHToolsExTests */,
				D967D42129234E51004BF68F /* Products */,
				226595B8928E6B1FDD05A3FA /* Pods */,
				58FFCF45C4BF85BEFD8196D7 /* Frameworks */,
			);
			sourceTree = "<group>";
		};
		D967D42129234E51004BF68F /* Products */ = {
			isa = PBXGroup;
			children = (
				D967D42029234E51004BF68F /* MHTools.framework */,
				D967D42A29234E51004BF68F /* MHToolsTests.xctest */,
				D967D46C29234F37004BF68F /* MHToolsEx.app */,
				D967D48129234F38004BF68F /* MHToolsExTests.xctest */,
			);
			name = Products;
			sourceTree = "<group>";
		};
		D967D42229234E51004BF68F /* MHTools */ = {
			isa = PBXGroup;
			children = (
				D98D94AB2924A72900161388 /* Sample */,
				D967D49C29235294004BF68F /* MHAPI */,
				D967D42329234E51004BF68F /* MHTools.h */,
				D967D42429234E51004BF68F /* MHTools.docc */,
			);
			path = MHTools;
			sourceTree = "<group>";
		};
		D967D42E29234E51004BF68F /* MHToolsTests */ = {
			isa = PBXGroup;
			children = (
				D967D42F29234E52004BF68F /* MHToolsTests.swift */,
			);
			path = MHToolsTests;
			sourceTree = "<group>";
		};
		D967D46D29234F37004BF68F /* MHToolsEx */ = {
			isa = PBXGroup;
			children = (
				D967D46E29234F37004BF68F /* AppDelegate.swift */,
				D967D47029234F37004BF68F /* SceneDelegate.swift */,
				D967D47229234F37004BF68F /* ViewController.swift */,
				D967D47429234F37004BF68F /* Main.storyboard */,
				D967D47729234F38004BF68F /* Assets.xcassets */,
				D967D47929234F38004BF68F /* LaunchScreen.storyboard */,
				D967D47C29234F38004BF68F /* Info.plist */,
			);
			path = MHToolsEx;
			sourceTree = "<group>";
		};
		D967D48429234F38004BF68F /* MHToolsExTests */ = {
			isa = PBXGroup;
			children = (
				D967D48529234F38004BF68F /* MHToolsExTests.swift */,
			);
			path = MHToolsExTests;
			sourceTree = "<group>";
		};
		D967D49C29235294004BF68F /* MHAPI */ = {
			isa = PBXGroup;
			children = (
				D967D49D292353A7004BF68F /* MHAPI.swift */,
			);
			path = MHAPI;
			sourceTree = "<group>";
		};
		D967D4A42923650E004BF68F /* Products */ = {
			isa = PBXGroup;
			children = (
				D967D4AD2923650E004BF68F /* Alamofire */,
				D967D4AF2923650E004BF68F /* Pods-MHTools */,
				D967D4B32923650E004BF68F /* Pods-MHToolsEx */,
				D967D4B72923650E004BF68F /* Pods-MHToolsExTests */,
				D98D94A62924A06400161388 /* Pods-MHToolsTests */,
				D99C70562939835F00DC4A82 /* RxSwift */,
			);
			name = Products;
			sourceTree = "<group>";
		};
		D98D94AB2924A72900161388 /* Sample */ = {
			isa = PBXGroup;
			children = (
				D98D94B12924A74600161388 /* Sample.swift */,
			);
			path = Sample;
			sourceTree = "<group>";
		};
/* End PBXGroup section */

/* Begin PBXHeadersBuildPhase section */
		D967D41B29234E51004BF68F /* Headers */ = {
			isa = PBXHeadersBuildPhase;
			buildActionMask = 2147483647;
			files = (
				D967D43129234E52004BF68F /* MHTools.h in Headers */,
			);
			runOnlyForDeploymentPostprocessing = 0;
		};
/* End PBXHeadersBuildPhase section */

/* Begin PBXNativeTarget section */
		D967D41F29234E51004BF68F /* MHTools */ = {
			isa = PBXNativeTarget;
			buildConfigurationList = D967D43429234E52004BF68F /* Build configuration list for PBXNativeTarget "MHTools" */;
			buildPhases = (
				2F6E1610825EC2DF13D86BA0 /* [CP] Check Pods Manifest.lock */,
				D967D41B29234E51004BF68F /* Headers */,
				D967D41C29234E51004BF68F /* Sources */,
				D967D41D29234E51004BF68F /* Frameworks */,
				D967D41E29234E51004BF68F /* Resources */,
			);
			buildRules = (
			);
			dependencies = (
			);
			name = MHTools;
			productName = MHTools;
			productReference = D967D42029234E51004BF68F /* MHTools.framework */;
			productType = "com.apple.product-type.framework";
		};
		D967D42929234E51004BF68F /* MHToolsTests */ = {
			isa = PBXNativeTarget;
			buildConfigurationList = D967D43729234E52004BF68F /* Build configuration list for PBXNativeTarget "MHToolsTests" */;
			buildPhases = (
				71530AF5561C5E33EDC39827 /* [CP] Check Pods Manifest.lock */,
				D967D42629234E51004BF68F /* Sources */,
				D967D42729234E51004BF68F /* Frameworks */,
				D967D42829234E51004BF68F /* Resources */,
				CBABF178B039F2B3E3589C63 /* [CP] Embed Pods Frameworks */,
			);
			buildRules = (
			);
			dependencies = (
				D967D42D29234E51004BF68F /* PBXTargetDependency */,
			);
			name = MHToolsTests;
			productName = MHToolsTests;
			productReference = D967D42A29234E51004BF68F /* MHToolsTests.xctest */;
			productType = "com.apple.product-type.bundle.unit-test";
		};
		D967D46B29234F37004BF68F /* MHToolsEx */ = {
			isa = PBXNativeTarget;
			buildConfigurationList = D967D49329234F39004BF68F /* Build configuration list for PBXNativeTarget "MHToolsEx" */;
			buildPhases = (
				89DB9CE02E5E906A80CE02CE /* [CP] Check Pods Manifest.lock */,
				D967D46829234F37004BF68F /* Sources */,
				D967D46929234F37004BF68F /* Frameworks */,
				D967D46A29234F37004BF68F /* Resources */,
				B6829AA827E0CB16E6B24C29 /* [CP] Embed Pods Frameworks */,
			);
			buildRules = (
			);
			dependencies = (
			);
			name = MHToolsEx;
			productName = MHToolsEx;
			productReference = D967D46C29234F37004BF68F /* MHToolsEx.app */;
			productType = "com.apple.product-type.application";
		};
		D967D48029234F38004BF68F /* MHToolsExTests */ = {
			isa = PBXNativeTarget;
			buildConfigurationList = D967D49629234F39004BF68F /* Build configuration list for PBXNativeTarget "MHToolsExTests" */;
			buildPhases = (
				0ECB278EB40692758C5B47F1 /* [CP] Check Pods Manifest.lock */,
				D967D47D29234F38004BF68F /* Sources */,
				D967D47E29234F38004BF68F /* Frameworks */,
				D967D47F29234F38004BF68F /* Resources */,
				26EAEEE379AD6ABAF4892D34 /* [CP] Embed Pods Frameworks */,
			);
			buildRules = (
			);
			dependencies = (
				D967D48329234F38004BF68F /* PBXTargetDependency */,
			);
			name = MHToolsExTests;
			productName = MHToolsExTests;
			productReference = D967D48129234F38004BF68F /* MHToolsExTests.xctest */;
			productType = "com.apple.product-type.bundle.unit-test";
		};
/* End PBXNativeTarget section */

/* Begin PBXProject section */
		D967D41729234E51004BF68F /* Project object */ = {
			isa = PBXProject;
			attributes = {
				BuildIndependentTargetsInParallel = 1;
				LastSwiftUpdateCheck = 1400;
				LastUpgradeCheck = 1400;
				TargetAttributes = {
					D967D41F29234E51004BF68F = {
						CreatedOnToolsVersion = 14.0;
					};
					D967D42929234E51004BF68F = {
						CreatedOnToolsVersion = 14.0;
					};
					D967D46B29234F37004BF68F = {
						CreatedOnToolsVersion = 14.0;
					};
					D967D48029234F38004BF68F = {
						CreatedOnToolsVersion = 14.0;
						TestTargetID = D967D46B29234F37004BF68F;
					};
				};
			};
			buildConfigurationList = D967D41A29234E51004BF68F /* Build configuration list for PBXProject "MHTools" */;
			compatibilityVersion = "Xcode 12.0";
			developmentRegion = en;
			hasScannedForEncodings = 0;
			knownRegions = (
				en,
				Base,
			);
			mainGroup = D967D41629234E51004BF68F;
			productRefGroup = D967D42129234E51004BF68F /* Products */;
			projectDirPath = "";
			projectReferences = (
				{
					ProductGroup = D967D4A42923650E004BF68F /* Products */;
					ProjectRef = D967D4A32923650E004BF68F /* Pods.xcodeproj */;
				},
			);
			projectRoot = "";
			targets = (
				D967D41F29234E51004BF68F /* MHTools */,
				D967D42929234E51004BF68F /* MHToolsTests */,
				D967D46B29234F37004BF68F /* MHToolsEx */,
				D967D48029234F38004BF68F /* MHToolsExTests */,
			);
		};
/* End PBXProject section */

/* Begin PBXReferenceProxy section */
		D967D4AD2923650E004BF68F /* Alamofire */ = {
			isa = PBXReferenceProxy;
			fileType = wrapper.framework;
			name = Alamofire;
			path = Alamofire.framework;
			remoteRef = D967D4AC2923650E004BF68F /* PBXContainerItemProxy */;
			sourceTree = BUILT_PRODUCTS_DIR;
		};
		D967D4AF2923650E004BF68F /* Pods-MHTools */ = {
			isa = PBXReferenceProxy;
			fileType = wrapper.framework;
			name = "Pods-MHTools";
			path = Pods_MHTools.framework;
			remoteRef = D967D4AE2923650E004BF68F /* PBXContainerItemProxy */;
			sourceTree = BUILT_PRODUCTS_DIR;
		};
		D967D4B32923650E004BF68F /* Pods-MHToolsEx */ = {
			isa = PBXReferenceProxy;
			fileType = wrapper.framework;
			name = "Pods-MHToolsEx";
			path = Pods_MHToolsEx.framework;
			remoteRef = D967D4B22923650E004BF68F /* PBXContainerItemProxy */;
			sourceTree = BUILT_PRODUCTS_DIR;
		};
		D967D4B72923650E004BF68F /* Pods-MHToolsExTests */ = {
			isa = PBXReferenceProxy;
			fileType = wrapper.framework;
			name = "Pods-MHToolsExTests";
			path = Pods_MHToolsExTests.framework;
			remoteRef = D967D4B62923650E004BF68F /* PBXContainerItemProxy */;
			sourceTree = BUILT_PRODUCTS_DIR;
		};
		D98D94A62924A06400161388 /* Pods-MHToolsTests */ = {
			isa = PBXReferenceProxy;
			fileType = wrapper.framework;
			name = "Pods-MHToolsTests";
			path = Pods_MHToolsTests.framework;
			remoteRef = D98D94A52924A06400161388 /* PBXContainerItemProxy */;
			sourceTree = BUILT_PRODUCTS_DIR;
		};
		D99C70562939835F00DC4A82 /* RxSwift */ = {
			isa = PBXReferenceProxy;
			fileType = wrapper.framework;
			name = RxSwift;
			path = RxSwift.framework;
			remoteRef = D99C70552939835F00DC4A82 /* PBXContainerItemProxy */;
			sourceTree = BUILT_PRODUCTS_DIR;
		};
/* End PBXReferenceProxy section */

/* Begin PBXResourcesBuildPhase section */
		D967D41E29234E51004BF68F /* Resources */ = {
			isa = PBXResourcesBuildPhase;
			buildActionMask = 2147483647;
			files = (
			);
			runOnlyForDeploymentPostprocessing = 0;
		};
		D967D42829234E51004BF68F /* Resources */ = {
			isa = PBXResourcesBuildPhase;
			buildActionMask = 2147483647;
			files = (
			);
			runOnlyForDeploymentPostprocessing = 0;
		};
		D967D46A29234F37004BF68F /* Resources */ = {
			isa = PBXResourcesBuildPhase;
			buildActionMask = 2147483647;
			files = (
				D967D47B29234F38004BF68F /* LaunchScreen.storyboard in Resources */,
				D967D47829234F38004BF68F /* Assets.xcassets in Resources */,
				D967D47629234F37004BF68F /* Main.storyboard in Resources */,
			);
			runOnlyForDeploymentPostprocessing = 0;
		};
		D967D47F29234F38004BF68F /* Resources */ = {
			isa = PBXResourcesBuildPhase;
			buildActionMask = 2147483647;
			files = (
			);
			runOnlyForDeploymentPostprocessing = 0;
		};
/* End PBXResourcesBuildPhase section */

/* Begin PBXShellScriptBuildPhase section */
		0ECB278EB40692758C5B47F1 /* [CP] Check Pods Manifest.lock */ = {
			isa = PBXShellScriptBuildPhase;
			buildActionMask = 2147483647;
			files = (
			);
			inputFileListPaths = (
			);
			inputPaths = (
				"${PODS_PODFILE_DIR_PATH}/Podfile.lock",
				"${PODS_ROOT}/Manifest.lock",
			);
			name = "[CP] Check Pods Manifest.lock";
			outputFileListPaths = (
			);
			outputPaths = (
				"$(DERIVED_FILE_DIR)/Pods-MHToolsExTests-checkManifestLockResult.txt",
			);
			runOnlyForDeploymentPostprocessing = 0;
			shellPath = /bin/sh;
			shellScript = "diff \"${PODS_PODFILE_DIR_PATH}/Podfile.lock\" \"${PODS_ROOT}/Manifest.lock\" > /dev/null\nif [ $? != 0 ] ; then\n    # print error to STDERR\n    echo \"error: The sandbox is not in sync with the Podfile.lock. Run 'pod install' or update your CocoaPods installation.\" >&2\n    exit 1\nfi\n# This output is used by Xcode 'outputs' to avoid re-running this script phase.\necho \"SUCCESS\" > \"${SCRIPT_OUTPUT_FILE_0}\"\n";
			showEnvVarsInLog = 0;
		};
		26EAEEE379AD6ABAF4892D34 /* [CP] Embed Pods Frameworks */ = {
			isa = PBXShellScriptBuildPhase;
			buildActionMask = 2147483647;
			files = (
			);
			inputFileListPaths = (
				"${PODS_ROOT}/Target Support Files/Pods-MHToolsExTests/Pods-MHToolsExTests-frameworks-${CONFIGURATION}-input-files.xcfilelist",
			);
			name = "[CP] Embed Pods Frameworks";
			outputFileListPaths = (
				"${PODS_ROOT}/Target Support Files/Pods-MHToolsExTests/Pods-MHToolsExTests-frameworks-${CONFIGURATION}-output-files.xcfilelist",
			);
			runOnlyForDeploymentPostprocessing = 0;
			shellPath = /bin/sh;
			shellScript = "\"${PODS_ROOT}/Target Support Files/Pods-MHToolsExTests/Pods-MHToolsExTests-frameworks.sh\"\n";
			showEnvVarsInLog = 0;
		};
		2F6E1610825EC2DF13D86BA0 /* [CP] Check Pods Manifest.lock */ = {
			isa = PBXShellScriptBuildPhase;
			buildActionMask = 2147483647;
			files = (
			);
			inputFileListPaths = (
			);
			inputPaths = (
				"${PODS_PODFILE_DIR_PATH}/Podfile.lock",
				"${PODS_ROOT}/Manifest.lock",
			);
			name = "[CP] Check Pods Manifest.lock";
			outputFileListPaths = (
			);
			outputPaths = (
				"$(DERIVED_FILE_DIR)/Pods-MHTools-checkManifestLockResult.txt",
			);
			runOnlyForDeploymentPostprocessing = 0;
			shellPath = /bin/sh;
			shellScript = "diff \"${PODS_PODFILE_DIR_PATH}/Podfile.lock\" \"${PODS_ROOT}/Manifest.lock\" > /dev/null\nif [ $? != 0 ] ; then\n    # print error to STDERR\n    echo \"error: The sandbox is not in sync with the Podfile.lock. Run 'pod install' or update your CocoaPods installation.\" >&2\n    exit 1\nfi\n# This output is used by Xcode 'outputs' to avoid re-running this script phase.\necho \"SUCCESS\" > \"${SCRIPT_OUTPUT_FILE_0}\"\n";
			showEnvVarsInLog = 0;
		};
		71530AF5561C5E33EDC39827 /* [CP] Check Pods Manifest.lock */ = {
			isa = PBXShellScriptBuildPhase;
			buildActionMask = 2147483647;
			files = (
			);
			inputFileListPaths = (
			);
			inputPaths = (
				"${PODS_PODFILE_DIR_PATH}/Podfile.lock",
				"${PODS_ROOT}/Manifest.lock",
			);
			name = "[CP] Check Pods Manifest.lock";
			outputFileListPaths = (
			);
			outputPaths = (
				"$(DERIVED_FILE_DIR)/Pods-MHToolsTests-checkManifestLockResult.txt",
			);
			runOnlyForDeploymentPostprocessing = 0;
			shellPath = /bin/sh;
			shellScript = "diff \"${PODS_PODFILE_DIR_PATH}/Podfile.lock\" \"${PODS_ROOT}/Manifest.lock\" > /dev/null\nif [ $? != 0 ] ; then\n    # print error to STDERR\n    echo \"error: The sandbox is not in sync with the Podfile.lock. Run 'pod install' or update your CocoaPods installation.\" >&2\n    exit 1\nfi\n# This output is used by Xcode 'outputs' to avoid re-running this script phase.\necho \"SUCCESS\" > \"${SCRIPT_OUTPUT_FILE_0}\"\n";
			showEnvVarsInLog = 0;
		};
		89DB9CE02E5E906A80CE02CE /* [CP] Check Pods Manifest.lock */ = {
			isa = PBXShellScriptBuildPhase;
			buildActionMask = 2147483647;
			files = (
			);
			inputFileListPaths = (
			);
			inputPaths = (
				"${PODS_PODFILE_DIR_PATH}/Podfile.lock",
				"${PODS_ROOT}/Manifest.lock",
			);
			name = "[CP] Check Pods Manifest.lock";
			outputFileListPaths = (
			);
			outputPaths = (
				"$(DERIVED_FILE_DIR)/Pods-MHToolsEx-checkManifestLockResult.txt",
			);
			runOnlyForDeploymentPostprocessing = 0;
			shellPath = /bin/sh;
			shellScript = "diff \"${PODS_PODFILE_DIR_PATH}/Podfile.lock\" \"${PODS_ROOT}/Manifest.lock\" > /dev/null\nif [ $? != 0 ] ; then\n    # print error to STDERR\n    echo \"error: The sandbox is not in sync with the Podfile.lock. Run 'pod install' or update your CocoaPods installation.\" >&2\n    exit 1\nfi\n# This output is used by Xcode 'outputs' to avoid re-running this script phase.\necho \"SUCCESS\" > \"${SCRIPT_OUTPUT_FILE_0}\"\n";
			showEnvVarsInLog = 0;
		};
		B6829AA827E0CB16E6B24C29 /* [CP] Embed Pods Frameworks */ = {
			isa = PBXShellScriptBuildPhase;
			buildActionMask = 2147483647;
			files = (
			);
			inputFileListPaths = (
				"${PODS_ROOT}/Target Support Files/Pods-MHToolsEx/Pods-MHToolsEx-frameworks-${CONFIGURATION}-input-files.xcfilelist",
			);
			name = "[CP] Embed Pods Frameworks";
			outputFileListPaths = (
				"${PODS_ROOT}/Target Support Files/Pods-MHToolsEx/Pods-MHToolsEx-frameworks-${CONFIGURATION}-output-files.xcfilelist",
			);
			runOnlyForDeploymentPostprocessing = 0;
			shellPath = /bin/sh;
			shellScript = "\"${PODS_ROOT}/Target Support Files/Pods-MHToolsEx/Pods-MHToolsEx-frameworks.sh\"\n";
			showEnvVarsInLog = 0;
		};
		CBABF178B039F2B3E3589C63 /* [CP] Embed Pods Frameworks */ = {
			isa = PBXShellScriptBuildPhase;
			buildActionMask = 2147483647;
			files = (
			);
			inputFileListPaths = (
				"${PODS_ROOT}/Target Support Files/Pods-MHToolsTests/Pods-MHToolsTests-frameworks-${CONFIGURATION}-input-files.xcfilelist",
			);
			name = "[CP] Embed Pods Frameworks";
			outputFileListPaths = (
				"${PODS_ROOT}/Target Support Files/Pods-MHToolsTests/Pods-MHToolsTests-frameworks-${CONFIGURATION}-output-files.xcfilelist",
			);
			runOnlyForDeploymentPostprocessing = 0;
			shellPath = /bin/sh;
			shellScript = "\"${PODS_ROOT}/Target Support Files/Pods-MHToolsTests/Pods-MHToolsTests-frameworks.sh\"\n";
			showEnvVarsInLog = 0;
		};
/* End PBXShellScriptBuildPhase section */

/* Begin PBXSourcesBuildPhase section */
		D967D41C29234E51004BF68F /* Sources */ = {
			isa = PBXSourcesBuildPhase;
			buildActionMask = 2147483647;
			files = (
				D967D42529234E51004BF68F /* MHTools.docc in Sources */,
				D98D94B22924A74600161388 /* Sample.swift in Sources */,
				D967D49E292353A7004BF68F /* MHAPI.swift in Sources */,
			);
			runOnlyForDeploymentPostprocessing = 0;
		};
		D967D42629234E51004BF68F /* Sources */ = {
			isa = PBXSourcesBuildPhase;
			buildActionMask = 2147483647;
			files = (
				D967D43029234E52004BF68F /* MHToolsTests.swift in Sources */,
				D98D94B32924A74600161388 /* Sample.swift in Sources */,
				D967D49F292353A7004BF68F /* MHAPI.swift in Sources */,
			);
			runOnlyForDeploymentPostprocessing = 0;
		};
		D967D46829234F37004BF68F /* Sources */ = {
			isa = PBXSourcesBuildPhase;
			buildActionMask = 2147483647;
			files = (
				D98D94B42924A74600161388 /* Sample.swift in Sources */,
				D967D47329234F37004BF68F /* ViewController.swift in Sources */,
				D967D4A0292353A7004BF68F /* MHAPI.swift in Sources */,
				D967D46F29234F37004BF68F /* AppDelegate.swift in Sources */,
				D967D47129234F37004BF68F /* SceneDelegate.swift in Sources */,
			);
			runOnlyForDeploymentPostprocessing = 0;
		};
		D967D47D29234F38004BF68F /* Sources */ = {
			isa = PBXSourcesBuildPhase;
			buildActionMask = 2147483647;
			files = (
				D967D48629234F38004BF68F /* MHToolsExTests.swift in Sources */,
				D98D94B52924A74600161388 /* Sample.swift in Sources */,
				D967D4A1292353A7004BF68F /* MHAPI.swift in Sources */,
			);
			runOnlyForDeploymentPostprocessing = 0;
		};
/* End PBXSourcesBuildPhase section */

/* Begin PBXTargetDependency section */
		D967D42D29234E51004BF68F /* PBXTargetDependency */ = {
			isa = PBXTargetDependency;
			target = D967D41F29234E51004BF68F /* MHTools */;
			targetProxy = D967D42C29234E51004BF68F /* PBXContainerItemProxy */;
		};
		D967D48329234F38004BF68F /* PBXTargetDependency */ = {
			isa = PBXTargetDependency;
			target = D967D46B29234F37004BF68F /* MHToolsEx */;
			targetProxy = D967D48229234F38004BF68F /* PBXContainerItemProxy */;
		};
/* End PBXTargetDependency section */

/* Begin PBXVariantGroup section */
		D967D47429234F37004BF68F /* Main.storyboard */ = {
			isa = PBXVariantGroup;
			children = (
				D967D47529234F37004BF68F /* Base */,
			);
			name = Main.storyboard;
			sourceTree = "<group>";
		};
		D967D47929234F38004BF68F /* LaunchScreen.storyboard */ = {
			isa = PBXVariantGroup;
			children = (
				D967D47A29234F38004BF68F /* Base */,
			);
			name = LaunchScreen.storyboard;
			sourceTree = "<group>";
		};
/* End PBXVariantGroup section */

/* Begin XCBuildConfiguration section */
		D967D43229234E52004BF68F /* Debug */ = {
			isa = XCBuildConfiguration;
			buildSettings = {
				ALWAYS_SEARCH_USER_PATHS = NO;
				CLANG_ANALYZER_NONNULL = YES;
				CLANG_ANALYZER_NUMBER_OBJECT_CONVERSION = YES_AGGRESSIVE;
				CLANG_CXX_LANGUAGE_STANDARD = "gnu++20";
				CLANG_ENABLE_MODULES = YES;
				CLANG_ENABLE_OBJC_ARC = YES;
				CLANG_ENABLE_OBJC_WEAK = YES;
				CLANG_WARN_BLOCK_CAPTURE_AUTORELEASING = YES;
				CLANG_WARN_BOOL_CONVERSION = YES;
				CLANG_WARN_COMMA = YES;
				CLANG_WARN_CONSTANT_CONVERSION = YES;
				CLANG_WARN_DEPRECATED_OBJC_IMPLEMENTATIONS = YES;
				CLANG_WARN_DIRECT_OBJC_ISA_USAGE = YES_ERROR;
				CLANG_WARN_DOCUMENTATION_COMMENTS = YES;
				CLANG_WARN_EMPTY_BODY = YES;
				CLANG_WARN_ENUM_CONVERSION = YES;
				CLANG_WARN_INFINITE_RECURSION = YES;
				CLANG_WARN_INT_CONVERSION = YES;
				CLANG_WARN_NON_LITERAL_NULL_CONVERSION = YES;
				CLANG_WARN_OBJC_IMPLICIT_RETAIN_SELF = YES;
				CLANG_WARN_OBJC_LITERAL_CONVERSION = YES;
				CLANG_WARN_OBJC_ROOT_CLASS = YES_ERROR;
				CLANG_WARN_QUOTED_INCLUDE_IN_FRAMEWORK_HEADER = YES;
				CLANG_WARN_RANGE_LOOP_ANALYSIS = YES;
				CLANG_WARN_STRICT_PROTOTYPES = YES;
				CLANG_WARN_SUSPICIOUS_MOVE = YES;
				CLANG_WARN_UNGUARDED_AVAILABILITY = YES_AGGRESSIVE;
				CLANG_WARN_UNREACHABLE_CODE = YES;
				CLANG_WARN__DUPLICATE_METHOD_MATCH = YES;
				COPY_PHASE_STRIP = NO;
				CURRENT_PROJECT_VERSION = 1;
				DEBUG_INFORMATION_FORMAT = dwarf;
				ENABLE_STRICT_OBJC_MSGSEND = YES;
				ENABLE_TESTABILITY = YES;
				GCC_C_LANGUAGE_STANDARD = gnu11;
				GCC_DYNAMIC_NO_PIC = NO;
				GCC_NO_COMMON_BLOCKS = YES;
				GCC_OPTIMIZATION_LEVEL = 0;
				GCC_PREPROCESSOR_DEFINITIONS = (
					"DEBUG=1",
					"$(inherited)",
				);
				GCC_WARN_64_TO_32_BIT_CONVERSION = YES;
				GCC_WARN_ABOUT_RETURN_TYPE = YES_ERROR;
				GCC_WARN_UNDECLARED_SELECTOR = YES;
				GCC_WARN_UNINITIALIZED_AUTOS = YES_AGGRESSIVE;
				GCC_WARN_UNUSED_FUNCTION = YES;
				GCC_WARN_UNUSED_VARIABLE = YES;
				IPHONEOS_DEPLOYMENT_TARGET = 16.0;
				MTL_ENABLE_DEBUG_INFO = INCLUDE_SOURCE;
				MTL_FAST_MATH = YES;
				ONLY_ACTIVE_ARCH = YES;
				SDKROOT = iphoneos;
				SWIFT_ACTIVE_COMPILATION_CONDITIONS = DEBUG;
				SWIFT_OPTIMIZATION_LEVEL = "-Onone";
				VERSIONING_SYSTEM = "apple-generic";
				VERSION_INFO_PREFIX = "";
			};
			name = Debug;
		};
		D967D43329234E52004BF68F /* Release */ = {
			isa = XCBuildConfiguration;
			buildSettings = {
				ALWAYS_SEARCH_USER_PATHS = NO;
				CLANG_ANALYZER_NONNULL = YES;
				CLANG_ANALYZER_NUMBER_OBJECT_CONVERSION = YES_AGGRESSIVE;
				CLANG_CXX_LANGUAGE_STANDARD = "gnu++20";
				CLANG_ENABLE_MODULES = YES;
				CLANG_ENABLE_OBJC_ARC = YES;
				CLANG_ENABLE_OBJC_WEAK = YES;
				CLANG_WARN_BLOCK_CAPTURE_AUTORELEASING = YES;
				CLANG_WARN_BOOL_CONVERSION = YES;
				CLANG_WARN_COMMA = YES;
				CLANG_WARN_CONSTANT_CONVERSION = YES;
				CLANG_WARN_DEPRECATED_OBJC_IMPLEMENTATIONS = YES;
				CLANG_WARN_DIRECT_OBJC_ISA_USAGE = YES_ERROR;
				CLANG_WARN_DOCUMENTATION_COMMENTS = YES;
				CLANG_WARN_EMPTY_BODY = YES;
				CLANG_WARN_ENUM_CONVERSION = YES;
				CLANG_WARN_INFINITE_RECURSION = YES;
				CLANG_WARN_INT_CONVERSION = YES;
				CLANG_WARN_NON_LITERAL_NULL_CONVERSION = YES;
				CLANG_WARN_OBJC_IMPLICIT_RETAIN_SELF = YES;
				CLANG_WARN_OBJC_LITERAL_CONVERSION = YES;
				CLANG_WARN_OBJC_ROOT_CLASS = YES_ERROR;
				CLANG_WARN_QUOTED_INCLUDE_IN_FRAMEWORK_HEADER = YES;
				CLANG_WARN_RANGE_LOOP_ANALYSIS = YES;
				CLANG_WARN_STRICT_PROTOTYPES = YES;
				CLANG_WARN_SUSPICIOUS_MOVE = YES;
				CLANG_WARN_UNGUARDED_AVAILABILITY = YES_AGGRESSIVE;
				CLANG_WARN_UNREACHABLE_CODE = YES;
				CLANG_WARN__DUPLICATE_METHOD_MATCH = YES;
				COPY_PHASE_STRIP = NO;
				CURRENT_PROJECT_VERSION = 1;
				DEBUG_INFORMATION_FORMAT = "dwarf-with-dsym";
				ENABLE_NS_ASSERTIONS = NO;
				ENABLE_STRICT_OBJC_MSGSEND = YES;
				GCC_C_LANGUAGE_STANDARD = gnu11;
				GCC_NO_COMMON_BLOCKS = YES;
				GCC_WARN_64_TO_32_BIT_CONVERSION = YES;
				GCC_WARN_ABOUT_RETURN_TYPE = YES_ERROR;
				GCC_WARN_UNDECLARED_SELECTOR = YES;
				GCC_WARN_UNINITIALIZED_AUTOS = YES_AGGRESSIVE;
				GCC_WARN_UNUSED_FUNCTION = YES;
				GCC_WARN_UNUSED_VARIABLE = YES;
				IPHONEOS_DEPLOYMENT_TARGET = 16.0;
				MTL_ENABLE_DEBUG_INFO = NO;
				MTL_FAST_MATH = YES;
				SDKROOT = iphoneos;
				SWIFT_COMPILATION_MODE = wholemodule;
				SWIFT_OPTIMIZATION_LEVEL = "-O";
				VALIDATE_PRODUCT = YES;
				VERSIONING_SYSTEM = "apple-generic";
				VERSION_INFO_PREFIX = "";
			};
			name = Release;
		};
		D967D43529234E52004BF68F /* Debug */ = {
			isa = XCBuildConfiguration;
			baseConfigurationReference = 4D2483254E72AC560CF8B824 /* Pods-MHTools.debug.xcconfig */;
			buildSettings = {
				CODE_SIGN_STYLE = Automatic;
				CURRENT_PROJECT_VERSION = 1;
				DEFINES_MODULE = YES;
				DEVELOPMENT_TEAM = SL6Z6PSCF7;
				DYLIB_COMPATIBILITY_VERSION = 1;
				DYLIB_CURRENT_VERSION = 1;
				DYLIB_INSTALL_NAME_BASE = "@rpath";
				GENERATE_INFOPLIST_FILE = YES;
				INFOPLIST_KEY_NSHumanReadableCopyright = "";
				INSTALL_PATH = "$(LOCAL_LIBRARY_DIR)/Frameworks";
				IPHONEOS_DEPLOYMENT_TARGET = 11.0;
				LD_RUNPATH_SEARCH_PATHS = (
					"$(inherited)",
					"@executable_path/Frameworks",
					"@loader_path/Frameworks",
				);
				MARKETING_VERSION = 1.0;
				PRODUCT_BUNDLE_IDENTIFIER = com.mh.tools.MHTools;
				PRODUCT_NAME = "$(TARGET_NAME:c99extidentifier)";
				SKIP_INSTALL = YES;
				SWIFT_EMIT_LOC_STRINGS = YES;
				SWIFT_VERSION = 5.0;
				TARGETED_DEVICE_FAMILY = "1,2";
			};
			name = Debug;
		};
		D967D43629234E52004BF68F /* Release */ = {
			isa = XCBuildConfiguration;
			baseConfigurationReference = D44FFBC18F01EBFF17FE652C /* Pods-MHTools.release.xcconfig */;
			buildSettings = {
				CODE_SIGN_STYLE = Automatic;
				CURRENT_PROJECT_VERSION = 1;
				DEFINES_MODULE = YES;
				DEVELOPMENT_TEAM = SL6Z6PSCF7;
				DYLIB_COMPATIBILITY_VERSION = 1;
				DYLIB_CURRENT_VERSION = 1;
				DYLIB_INSTALL_NAME_BASE = "@rpath";
				GENERATE_INFOPLIST_FILE = YES;
				INFOPLIST_KEY_NSHumanReadableCopyright = "";
				INSTALL_PATH = "$(LOCAL_LIBRARY_DIR)/Frameworks";
				IPHONEOS_DEPLOYMENT_TARGET = 11.0;
				LD_RUNPATH_SEARCH_PATHS = (
					"$(inherited)",
					"@executable_path/Frameworks",
					"@loader_path/Frameworks",
				);
				MARKETING_VERSION = 1.0;
				PRODUCT_BUNDLE_IDENTIFIER = com.mh.tools.MHTools;
				PRODUCT_NAME = "$(TARGET_NAME:c99extidentifier)";
				SKIP_INSTALL = YES;
				SWIFT_EMIT_LOC_STRINGS = YES;
				SWIFT_VERSION = 5.0;
				TARGETED_DEVICE_FAMILY = "1,2";
			};
			name = Release;
		};
		D967D43829234E52004BF68F /* Debug */ = {
			isa = XCBuildConfiguration;
			baseConfigurationReference = 9830036C52A0AD554D436170 /* Pods-MHToolsTests.debug.xcconfig */;
			buildSettings = {
				ALWAYS_EMBED_SWIFT_STANDARD_LIBRARIES = YES;
				CODE_SIGN_STYLE = Automatic;
				CURRENT_PROJECT_VERSION = 1;
				DEVELOPMENT_TEAM = SL6Z6PSCF7;
				GENERATE_INFOPLIST_FILE = YES;
				MARKETING_VERSION = 1.0;
				PRODUCT_BUNDLE_IDENTIFIER = com.mh.tools.MHToolsTests;
				PRODUCT_NAME = "$(TARGET_NAME)";
				SWIFT_EMIT_LOC_STRINGS = NO;
				SWIFT_VERSION = 5.0;
				TARGETED_DEVICE_FAMILY = "1,2";
			};
			name = Debug;
		};
		D967D43929234E52004BF68F /* Release */ = {
			isa = XCBuildConfiguration;
			baseConfigurationReference = 4194AC45D995023DDCEFF8C8 /* Pods-MHToolsTests.release.xcconfig */;
			buildSettings = {
				ALWAYS_EMBED_SWIFT_STANDARD_LIBRARIES = YES;
				CODE_SIGN_STYLE = Automatic;
				CURRENT_PROJECT_VERSION = 1;
				DEVELOPMENT_TEAM = SL6Z6PSCF7;
				GENERATE_INFOPLIST_FILE = YES;
				MARKETING_VERSION = 1.0;
				PRODUCT_BUNDLE_IDENTIFIER = com.mh.tools.MHToolsTests;
				PRODUCT_NAME = "$(TARGET_NAME)";
				SWIFT_EMIT_LOC_STRINGS = NO;
				SWIFT_VERSION = 5.0;
				TARGETED_DEVICE_FAMILY = "1,2";
			};
			name = Release;
		};
		D967D49429234F39004BF68F /* Debug */ = {
			isa = XCBuildConfiguration;
			baseConfigurationReference = 13AFA0CF281CE5DD13D6C287 /* Pods-MHToolsEx.debug.xcconfig */;
			buildSettings = {
				ASSETCATALOG_COMPILER_APPICON_NAME = AppIcon;
				ASSETCATALOG_COMPILER_GLOBAL_ACCENT_COLOR_NAME = AccentColor;
				CODE_SIGN_STYLE = Automatic;
				CURRENT_PROJECT_VERSION = 1;
				DEVELOPMENT_TEAM = SL6Z6PSCF7;
				GENERATE_INFOPLIST_FILE = YES;
				INFOPLIST_FILE = MHToolsEx/Info.plist;
				INFOPLIST_KEY_UIApplicationSupportsIndirectInputEvents = YES;
				INFOPLIST_KEY_UILaunchStoryboardName = LaunchScreen;
				INFOPLIST_KEY_UIMainStoryboardFile = Main;
				INFOPLIST_KEY_UISupportedInterfaceOrientations_iPad = "UIInterfaceOrientationPortrait UIInterfaceOrientationPortraitUpsideDown UIInterfaceOrientationLandscapeLeft UIInterfaceOrientationLandscapeRight";
				INFOPLIST_KEY_UISupportedInterfaceOrientations_iPhone = "UIInterfaceOrientationPortrait UIInterfaceOrientationLandscapeLeft UIInterfaceOrientationLandscapeRight";
				LD_RUNPATH_SEARCH_PATHS = (
					"$(inherited)",
					"@executable_path/Frameworks",
				);
				MARKETING_VERSION = 1.0;
				PRODUCT_BUNDLE_IDENTIFIER = com.mh.tools.MHToolsEx;
				PRODUCT_NAME = "$(TARGET_NAME)";
				SWIFT_EMIT_LOC_STRINGS = YES;
				SWIFT_VERSION = 5.0;
				TARGETED_DEVICE_FAMILY = "1,2";
			};
			name = Debug;
		};
		D967D49529234F39004BF68F /* Release */ = {
			isa = XCBuildConfiguration;
			baseConfigurationReference = 417401018031BAD207D0258B /* Pods-MHToolsEx.release.xcconfig */;
			buildSettings = {
				ASSETCATALOG_COMPILER_APPICON_NAME = AppIcon;
				ASSETCATALOG_COMPILER_GLOBAL_ACCENT_COLOR_NAME = AccentColor;
				CODE_SIGN_STYLE = Automatic;
				CURRENT_PROJECT_VERSION = 1;
				DEVELOPMENT_TEAM = SL6Z6PSCF7;
				GENERATE_INFOPLIST_FILE = YES;
				INFOPLIST_FILE = MHToolsEx/Info.plist;
				INFOPLIST_KEY_UIApplicationSupportsIndirectInputEvents = YES;
				INFOPLIST_KEY_UILaunchStoryboardName = LaunchScreen;
				INFOPLIST_KEY_UIMainStoryboardFile = Main;
				INFOPLIST_KEY_UISupportedInterfaceOrientations_iPad = "UIInterfaceOrientationPortrait UIInterfaceOrientationPortraitUpsideDown UIInterfaceOrientationLandscapeLeft UIInterfaceOrientationLandscapeRight";
				INFOPLIST_KEY_UISupportedInterfaceOrientations_iPhone = "UIInterfaceOrientationPortrait UIInterfaceOrientationLandscapeLeft UIInterfaceOrientationLandscapeRight";
				LD_RUNPATH_SEARCH_PATHS = (
					"$(inherited)",
					"@executable_path/Frameworks",
				);
				MARKETING_VERSION = 1.0;
				PRODUCT_BUNDLE_IDENTIFIER = com.mh.tools.MHToolsEx;
				PRODUCT_NAME = "$(TARGET_NAME)";
				SWIFT_EMIT_LOC_STRINGS = YES;
				SWIFT_VERSION = 5.0;
				TARGETED_DEVICE_FAMILY = "1,2";
			};
			name = Release;
		};
		D967D49729234F39004BF68F /* Debug */ = {
			isa = XCBuildConfiguration;
			baseConfigurationReference = 74DE90FE2AB5B3C5B74F7CFE /* Pods-MHToolsExTests.debug.xcconfig */;
			buildSettings = {
				ALWAYS_EMBED_SWIFT_STANDARD_LIBRARIES = YES;
				BUNDLE_LOADER = "$(TEST_HOST)";
				CODE_SIGN_STYLE = Automatic;
				CURRENT_PROJECT_VERSION = 1;
				DEVELOPMENT_TEAM = SL6Z6PSCF7;
				GENERATE_INFOPLIST_FILE = YES;
				IPHONEOS_DEPLOYMENT_TARGET = 16.0;
				MARKETING_VERSION = 1.0;
				PRODUCT_BUNDLE_IDENTIFIER = com.mh.tools.MHToolsExTests;
				PRODUCT_NAME = "$(TARGET_NAME)";
				SWIFT_EMIT_LOC_STRINGS = NO;
				SWIFT_VERSION = 5.0;
				TARGETED_DEVICE_FAMILY = "1,2";
				TEST_HOST = "$(BUILT_PRODUCTS_DIR)/MHToolsEx.app/$(BUNDLE_EXECUTABLE_FOLDER_PATH)/MHToolsEx";
			};
			name = Debug;
		};
		D967D49829234F39004BF68F /* Release */ = {
			isa = XCBuildConfiguration;
			baseConfigurationReference = E4353E17BD8A88CA6DADEA03 /* Pods-MHToolsExTests.release.xcconfig */;
			buildSettings = {
				ALWAYS_EMBED_SWIFT_STANDARD_LIBRARIES = YES;
				BUNDLE_LOADER = "$(TEST_HOST)";
				CODE_SIGN_STYLE = Automatic;
				CURRENT_PROJECT_VERSION = 1;
				DEVELOPMENT_TEAM = SL6Z6PSCF7;
				GENERATE_INFOPLIST_FILE = YES;
				IPHONEOS_DEPLOYMENT_TARGET = 16.0;
				MARKETING_VERSION = 1.0;
				PRODUCT_BUNDLE_IDENTIFIER = com.mh.tools.MHToolsExTests;
				PRODUCT_NAME = "$(TARGET_NAME)";
				SWIFT_EMIT_LOC_STRINGS = NO;
				SWIFT_VERSION = 5.0;
				TARGETED_DEVICE_FAMILY = "1,2";
				TEST_HOST = "$(BUILT_PRODUCTS_DIR)/MHToolsEx.app/$(BUNDLE_EXECUTABLE_FOLDER_PATH)/MHToolsEx";
			};
			name = Release;
		};
/* End XCBuildConfiguration section */

/* Begin XCConfigurationList section */
		D967D41A29234E51004BF68F /* Build configuration list for PBXProject "MHTools" */ = {
			isa = XCConfigurationList;
			buildConfigurations = (
				D967D43229234E52004BF68F /* Debug */,
				D967D43329234E52004BF68F /* Release */,
			);
			defaultConfigurationIsVisible = 0;
			defaultConfigurationName = Release;
		};
		D967D43429234E52004BF68F /* Build configuration list for PBXNativeTarget "MHTools" */ = {
			isa = XCConfigurationList;
			buildConfigurations = (
				D967D43529234E52004BF68F /* Debug */,
				D967D43629234E52004BF68F /* Release */,
			);
			defaultConfigurationIsVisible = 0;
			defaultConfigurationName = Release;
		};
		D967D43729234E52004BF68F /* Build configuration list for PBXNativeTarget "MHToolsTests" */ = {
			isa = XCConfigurationList;
			buildConfigurations = (
				D967D43829234E52004BF68F /* Debug */,
				D967D43929234E52004BF68F /* Release */,
			);
			defaultConfigurationIsVisible = 0;
			defaultConfigurationName = Release;
		};
		D967D49329234F39004BF68F /* Build configuration list for PBXNativeTarget "MHToolsEx" */ = {
			isa = XCConfigurationList;
			buildConfigurations = (
				D967D49429234F39004BF68F /* Debug */,
				D967D49529234F39004BF68F /* Release */,
			);
			defaultConfigurationIsVisible = 0;
			defaultConfigurationName = Release;
		};
		D967D49629234F39004BF68F /* Build configuration list for PBXNativeTarget "MHToolsExTests" */ = {
			isa = XCConfigurationList;
			buildConfigurations = (
				D967D49729234F39004BF68F /* Debug */,
				D967D49829234F39004BF68F /* Release */,
			);
			defaultConfigurationIsVisible = 0;
			defaultConfigurationName = Release;
		};
/* End XCConfigurationList section */
	};
	rootObject = D967D41729234E51004BF68F /* Project object */;
}
